
Microsoft Visual Studio Solution File, Format Version 12.00
# Visual Studio Version 17
VisualStudioVersion = 17.1.32407.343
MinimumVisualStudioVersion = 10.0.40219.1
Project("{9A19103F-16F7-4668-BE54-9A1E7A4F7556}") = "Strategy", "design_patterns\Strategy.csproj", "{86FDCBBA-A092-4A5F-B0B8-53524495A457}"
EndProject
Project("{9A19103F-16F7-4668-BE54-9A1E7A4F7556}") = "Observer", "Observer\Observer.csproj", "{E8188182-7B6B-4144-906B-DC8C1DCFC7A7}"
EndProject
Project("{9A19103F-16F7-4668-BE54-9A1E7A4F7556}") = "Decorater", "Decorater\Decorater.csproj", "{6645F573-3DB5-4DF6-BF3E-9DADB078D720}"
EndProject
Project("{FAE04EC0-301F-11D3-BF4B-00C04F79EFBC}") = "Factory", "Factory\Factory.csproj", "{887DACD8-2D6A-4365-B12C-53D406CFAD58}"
EndProject
Global
	GlobalSection(SolutionConfigurationPlatforms) = preSolution
		Debug|Any CPU = Debug|Any CPU
		Release|Any CPU = Release|Any CPU
	EndGlobalSection
	GlobalSection(ProjectConfigurationPlatforms) = postSolution
		{86FDCBBA-A092-4A5F-B0B8-53524495A457}.Debug|Any CPU.ActiveCfg = Debug|Any CPU
		{86FDCBBA-A092-4A5F-B0B8-53524495A457}.Debug|Any CPU.Build.0 = Debug|Any CPU
		{86FDCBBA-A092-4A5F-B0B8-53524495A457}.Release|Any CPU.ActiveCfg = Release|Any CPU
		{86FDCBBA-A092-4A5F-B0B8-53524495A457}.Release|Any CPU.Build.0 = Release|Any CPU
		{E8188182-7B6B-4144-906B-DC8C1DCFC7A7}.Debug|Any CPU.ActiveCfg = Debug|Any CPU
		{E8188182-7B6B-4144-906B-DC8C1DCFC7A7}.Debug|Any CPU.Build.0 = Debug|Any CPU
		{E8188182-7B6B-4144-906B-DC8C1DCFC7A7}.Release|Any CPU.ActiveCfg = Release|Any CPU
		{E8188182-7B6B-4144-906B-DC8C1DCFC7A7}.Release|Any CPU.Build.0 = Release|Any CPU
		{6645F573-3DB5-4DF6-BF3E-9DADB078D720}.Debug|Any CPU.ActiveCfg = Debug|Any CPU
		{6645F573-3DB5-4DF6-BF3E-9DADB078D720}.Debug|Any CPU.Build.0 = Debug|Any CPU
		{6645F573-3DB5-4DF6-BF3E-9DADB078D720}.Release|Any CPU.ActiveCfg = Release|Any CPU
		{6645F573-3DB5-4DF6-BF3E-9DADB078D720}.Release|Any CPU.Build.0 = Release|Any CPU
		{887DACD8-2D6A-4365-B12C-53D406CFAD58}.Debug|Any CPU.ActiveCfg = Debug|Any CPU
		{887DACD8-2D6A-4365-B12C-53D406CFAD58}.Debug|Any CPU.Build.0 = Debug|Any CPU
		{887DACD8-2D6A-4365-B12C-53D406CFAD58}.Release|Any CPU.ActiveCfg = Release|Any CPU
		{887DACD8-2D6A-4365-B12C-53D406CFAD58}.Release|Any CPU.Build.0 = Release|Any CPU
	EndGlobalSection
	GlobalSection(SolutionProperties) = preSolution
		HideSolutionNode = FALSE
	EndGlobalSection
	GlobalSection(ExtensibilityGlobals) = postSolution
		SolutionGuid = {BC15B189-DC2C-4EDB-9A30-1BAFA4F0F807}
	EndGlobalSection
EndGlobal
